// !$*UTF8*$!
{
	archiveVersion = 1;
	classes = {
	};
	objectVersion = 56;
	objects = {

/* Begin PBXBuildFile section */
		E4221AB62C0AEC3E003D51D5 /* AppDelegate.swift in Sources */ = {isa = PBXBuildFile; fileRef = E4221AB52C0AEC3E003D51D5 /* AppDelegate.swift */; };
		E4221AB82C0AEC3E003D51D5 /* SceneDelegate.swift in Sources */ = {isa = PBXBuildFile; fileRef = E4221AB72C0AEC3E003D51D5 /* SceneDelegate.swift */; };
		E4221ABA2C0AEC3E003D51D5 /* ViewController.swift in Sources */ = {isa = PBXBuildFile; fileRef = E4221AB92C0AEC3E003D51D5 /* ViewController.swift */; };
		E4221ABD2C0AEC3E003D51D5 /* Main.storyboard in Resources */ = {isa = PBXBuildFile; fileRef = E4221ABB2C0AEC3E003D51D5 /* Main.storyboard */; };
		E4221ABF2C0AEC3F003D51D5 /* Assets.xcassets in Resources */ = {isa = PBXBuildFile; fileRef = E4221ABE2C0AEC3F003D51D5 /* Assets.xcassets */; };
		E4221AC22C0AEC3F003D51D5 /* LaunchScreen.storyboard in Resources */ = {isa = PBXBuildFile; fileRef = E4221AC02C0AEC3F003D51D5 /* LaunchScreen.storyboard */; };
		E4221ACB2C0AF0F0003D51D5 /* constant.swift in Sources */ = {isa = PBXBuildFile; fileRef = E4221ACA2C0AF0F0003D51D5 /* constant.swift */; };
		E4221ACD2C0C0AF4003D51D5 /* HalfEmbedingSegue.swift in Sources */ = {isa = PBXBuildFile; fileRef = E4221ACC2C0C0AF4003D51D5 /* HalfEmbedingSegue.swift */; };
		E4221ACF2C0C1A26003D51D5 /* HalfEmbedingUnwindSegue.swift in Sources */ = {isa = PBXBuildFile; fileRef = E4221ACE2C0C1A26003D51D5 /* HalfEmbedingUnwindSegue.swift */; };
		E4221AD12C0C1D61003D51D5 /* ModalEmbedingSegue.swift in Sources */ = {isa = PBXBuildFile; fileRef = E4221AD02C0C1D61003D51D5 /* ModalEmbedingSegue.swift */; };
		E4221AD32C0C1D7F003D51D5 /* ModalEmbedingUnwindSegue.swift in Sources */ = {isa = PBXBuildFile; fileRef = E4221AD22C0C1D7F003D51D5 /* ModalEmbedingUnwindSegue.swift */; };
/* End PBXBuildFile section */

/* Begin PBXFileReference section */
		E4221AB22C0AEC3E003D51D5 /* StoryboardSegueTestApp.app */ = {isa = PBXFileReference; explicitFileType = wrapper.application; includeInIndex = 0; path = StoryboardSegueTestApp.app; sourceTree = BUILT_PRODUCTS_DIR; };
		E4221AB52C0AEC3E003D51D5 /* AppDelegate.swift */ = {isa = PBXFileReference; lastKnownFileType = sourcecode.swift; path = AppDelegate.swift; sourceTree = "<group>"; };
		E4221AB72C0AEC3E003D51D5 /* SceneDelegate.swift */ = {isa = PBXFileReference; lastKnownFileType = sourcecode.swift; path = SceneDelegate.swift; sourceTree = "<group>"; };
		E4221AB92C0AEC3E003D51D5 /* ViewController.swift */ = {isa = PBXFileReference; lastKnownFileType = sourcecode.swift; path = ViewController.swift; sourceTree = "<group>"; };
		E4221ABC2C0AEC3E003D51D5 /* Base */ = {isa = PBXFileReference; lastKnownFileType = file.storyboard; name = Base; path = Base.lproj/Main.storyboard; sourceTree = "<group>"; };
		E4221ABE2C0AEC3F003D51D5 /* Assets.xcassets */ = {isa = PBXFileReference; lastKnownFileType = folder.assetcatalog; path = Assets.xcassets; sourceTree = "<group>"; };
		E4221AC12C0AEC3F003D51D5 /* Base */ = {isa = PBXFileReference; lastKnownFileType = file.storyboard; name = Base; path = Base.lproj/LaunchScreen.storyboard; sourceTree = "<group>"; };
		E4221AC32C0AEC3F003D51D5 /* Info.plist */ = {isa = PBXFileReference; lastKnownFileType = text.plist.xml; path = Info.plist; sourceTree = "<group>"; };
		E4221AC92C0AEC7F003D51D5 /* README.md */ = {isa = PBXFileReference; lastKnownFileType = net.daringfireball.markdown; path = README.md; sourceTree = "<group>"; };
		E4221ACA2C0AF0F0003D51D5 /* constant.swift */ = {isa = PBXFileReference; lastKnownFileType = sourcecode.swift; path = constant.swift; sourceTree = "<group>"; };
		E4221ACC2C0C0AF4003D51D5 /* HalfEmbedingSegue.swift */ = {isa = PBXFileReference; lastKnownFileType = sourcecode.swift; path = HalfEmbedingSegue.swift; sourceTree = "<group>"; };
		E4221ACE2C0C1A26003D51D5 /* HalfEmbedingUnwindSegue.swift */ = {isa = PBXFileReference; lastKnownFileType = sourcecode.swift; path = HalfEmbedingUnwindSegue.swift; sourceTree = "<group>"; };
		E4221AD02C0C1D61003D51D5 /* ModalEmbedingSegue.swift */ = {isa = PBXFileReference; lastKnownFileType = sourcecode.swift; path = ModalEmbedingSegue.swift; sourceTree = "<group>"; };
		E4221AD22C0C1D7F003D51D5 /* ModalEmbedingUnwindSegue.swift */ = {isa = PBXFileReference; lastKnownFileType = sourcecode.swift; path = ModalEmbedingUnwindSegue.swift; sourceTree = "<group>"; };
/* End PBXFileReference section */

/* Begin PBXFrameworksBuildPhase section */
		E4221AAF2C0AEC3E003D51D5 /* Frameworks */ = {
			isa = PBXFrameworksBuildPhase;
			buildActionMask = 2147483647;
			files = (
			);
			runOnlyForDeploymentPostprocessing = 0;
		};
/* End PBXFrameworksBuildPhase section */

/* Begin PBXGroup section */
		E4221AA92C0AEC3E003D51D5 = {
			isa = PBXGroup;
			children = (
				E4221ACA2C0AF0F0003D51D5 /* constant.swift */,
				E4221AC92C0AEC7F003D51D5 /* README.md */,
				E4221AB42C0AEC3E003D51D5 /* StoryboardSegueTestApp */,
				E4221AB32C0AEC3E003D51D5 /* Products */,
			);
			sourceTree = "<group>";
		};
		E4221AB32C0AEC3E003D51D5 /* Products */ = {
			isa = PBXGroup;
			children = (
				E4221AB22C0AEC3E003D51D5 /* StoryboardSegueTestApp.app */,
			);
			name = Products;
			sourceTree = "<group>";
		};
		E4221AB42C0AEC3E003D51D5 /* StoryboardSegueTestApp */ = {
			isa = PBXGroup;
			children = (
				E4221AB52C0AEC3E003D51D5 /* AppDelegate.swift */,
				E4221AB72C0AEC3E003D51D5 /* SceneDelegate.swift */,
				E4221AB92C0AEC3E003D51D5 /* ViewController.swift */,
				E4221ABB2C0AEC3E003D51D5 /* Main.storyboard */,
				E4221ABE2C0AEC3F003D51D5 /* Assets.xcassets */,
				E4221AC02C0AEC3F003D51D5 /* LaunchScreen.storyboard */,
				E4221AC32C0AEC3F003D51D5 /* Info.plist */,
				E4221ACC2C0C0AF4003D51D5 /* HalfEmbedingSegue.swift */,
				E4221ACE2C0C1A26003D51D5 /* HalfEmbedingUnwindSegue.swift */,
				E4221AD02C0C1D61003D51D5 /* ModalEmbedingSegue.swift */,
				E4221AD22C0C1D7F003D51D5 /* ModalEmbedingUnwindSegue.swift */,
			);
			path = StoryboardSegueTestApp;
			sourceTree = "<group>";
		};
/* End PBXGroup section */

/* Begin PBXNativeTarget section */
		E4221AB12C0AEC3E003D51D5 /* StoryboardSegueTestApp */ = {
			isa = PBXNativeTarget;
			buildConfigurationList = E4221AC62C0AEC3F003D51D5 /* Build configuration list for PBXNativeTarget "StoryboardSegueTestApp" */;
			buildPhases = (
				E4221AAE2C0AEC3E003D51D5 /* Sources */,
				E4221AAF2C0AEC3E003D51D5 /* Frameworks */,
				E4221AB02C0AEC3E003D51D5 /* Resources */,
			);
			buildRules = (
			);
			dependencies = (
			);
			name = StoryboardSegueTestApp;
			productName = StoryboardSegueTestApp;
			productReference = E4221AB22C0AEC3E003D51D5 /* StoryboardSegueTestApp.app */;
			productType = "com.apple.product-type.application";
		};
/* End PBXNativeTarget section */

/* Begin PBXProject section */
		E4221AAA2C0AEC3E003D51D5 /* Project object */ = {
			isa = PBXProject;
			attributes = {
				BuildIndependentTargetsInParallel = 1;
				LastSwiftUpdateCheck = 1520;
				LastUpgradeCheck = 1520;
				TargetAttributes = {
					E4221AB12C0AEC3E003D51D5 = {
						CreatedOnToolsVersion = 15.2;
					};
				};
			};
			buildConfigurationList = E4221AAD2C0AEC3E003D51D5 /* Build configuration list for PBXProject "StoryboardSegueTestApp" */;
			compatibilityVersion = "Xcode 14.0";
			developmentRegion = en;
			hasScannedForEncodings = 0;
			knownRegions = (
				en,
				Base,
			);
			mainGroup = E4221AA92C0AEC3E003D51D5;
			productRefGroup = E4221AB32C0AEC3E003D51D5 /* Products */;
			projectDirPath = "";
			projectRoot = "";
			targets = (
				E4221AB12C0AEC3E003D51D5 /* StoryboardSegueTestApp */,
			);
		};
/* End PBXProject section */

/* Begin PBXResourcesBuildPhase section */
		E4221AB02C0AEC3E003D51D5 /* Resources */ = {
			isa = PBXResourcesBuildPhase;
			buildActionMask = 2147483647;
			files = (
				E4221AC22C0AEC3F003D51D5 /* LaunchScreen.storyboard in Resources */,
				E4221ABF2C0AEC3F003D51D5 /* Assets.xcassets in Resources */,
				E4221ABD2C0AEC3E003D51D5 /* Main.storyboard in Resources */,
			);
			runOnlyForDeploymentPostprocessing = 0;
		};
/* End PBXResourcesBuildPhase section */

/* Begin PBXSourcesBuildPhase section */
		E4221AAE2C0AEC3E003D51D5 /* Sources */ = {
			isa = PBXSourcesBuildPhase;
			buildActionMask = 2147483647;
			files = (
				E4221ACF2C0C1A26003D51D5 /* HalfEmbedingUnwindSegue.swift in Sources */,
				E4221ACD2C0C0AF4003D51D5 /* HalfEmbedingSegue.swift in Sources */,
				E4221ABA2C0AEC3E003D51D5 /* ViewController.swift in Sources */,
				E4221AB62C0AEC3E003D51D5 /* AppDelegate.swift in Sources */,
				E4221AB82C0AEC3E003D51D5 /* SceneDelegate.swift in Sources */,
				E4221ACB2C0AF0F0003D51D5 /* constant.swift in Sources */,
				E4221AD12C0C1D61003D51D5 /* ModalEmbedingSegue.swift in Sources */,
				E4221AD32C0C1D7F003D51D5 /* ModalEmbedingUnwindSegue.swift in Sources */,
			);
			runOnlyForDeploymentPostprocessing = 0;
		};
/* End PBXSourcesBuildPhase section */

/* Begin PBXVariantGroup section */
		E4221ABB2C0AEC3E003D51D5 /* Main.storyboard */ = {
			isa = PBXVariantGroup;
			children = (
				E4221ABC2C0AEC3E003D51D5 /* Base */,
			);
			name = Main.storyboard;
			sourceTree = "<group>";
		};
		E4221AC02C0AEC3F003D51D5 /* LaunchScreen.storyboard */ = {
			isa = PBXVariantGroup;
			children = (
				E4221AC12C0AEC3F003D51D5 /* Base */,
			);
			name = LaunchScreen.storyboard;
			sourceTree = "<group>";
		};
/* End PBXVariantGroup section */

/* Begin XCBuildConfiguration section */
		E4221AC42C0AEC3F003D51D5 /* Debug */ = {
			isa = XCBuildConfiguration;
			buildSettings = {
				ALWAYS_SEARCH_USER_PATHS = NO;
				ASSETCATALOG_COMPILER_GENERATE_SWIFT_ASSET_SYMBOL_EXTENSIONS = YES;
				CLANG_ANALYZER_NONNULL = YES;
				CLANG_ANALYZER_NUMBER_OBJECT_CONVERSION = YES_AGGRESSIVE;
				CLANG_CXX_LANGUAGE_STANDARD = "gnu++20";
				CLANG_ENABLE_MODULES = YES;
				CLANG_ENABLE_OBJC_ARC = YES;
				CLANG_ENABLE_OBJC_WEAK = YES;
				CLANG_WARN_BLOCK_CAPTURE_AUTORELEASING = YES;
				CLANG_WARN_BOOL_CONVERSION = YES;
				CLANG_WARN_COMMA = YES;
				CLANG_WARN_CONSTANT_CONVERSION = YES;
				CLANG_WARN_DEPRECATED_OBJC_IMPLEMENTATIONS = YES;
				CLANG_WARN_DIRECT_OBJC_ISA_USAGE = YES_ERROR;
				CLANG_WARN_DOCUMENTATION_COMMENTS = YES;
				CLANG_WARN_EMPTY_BODY = YES;
				CLANG_WARN_ENUM_CONVERSION = YES;
				CLANG_WARN_INFINITE_RECURSION = YES;
				CLANG_WARN_INT_CONVERSION = YES;
				CLANG_WARN_NON_LITERAL_NULL_CONVERSION = YES;
				CLANG_WARN_OBJC_IMPLICIT_RETAIN_SELF = YES;
				CLANG_WARN_OBJC_LITERAL_CONVERSION = YES;
				CLANG_WARN_OBJC_ROOT_CLASS = YES_ERROR;
				CLANG_WARN_QUOTED_INCLUDE_IN_FRAMEWORK_HEADER = YES;
				CLANG_WARN_RANGE_LOOP_ANALYSIS = YES;
				CLANG_WARN_STRICT_PROTOTYPES = YES;
				CLANG_WARN_SUSPICIOUS_MOVE = YES;
				CLANG_WARN_UNGUARDED_AVAILABILITY = YES_AGGRESSIVE;
				CLANG_WARN_UNREACHABLE_CODE = YES;
				CLANG_WARN__DUPLICATE_METHOD_MATCH = YES;
				COPY_PHASE_STRIP = NO;
				DEBUG_INFORMATION_FORMAT = dwarf;
				ENABLE_STRICT_OBJC_MSGSEND = YES;
				ENABLE_TESTABILITY = YES;
				ENABLE_USER_SCRIPT_SANDBOXING = YES;
				GCC_C_LANGUAGE_STANDARD = gnu17;
				GCC_DYNAMIC_NO_PIC = NO;
				GCC_NO_COMMON_BLOCKS = YES;
				GCC_OPTIMIZATION_LEVEL = 0;
				GCC_PREPROCESSOR_DEFINITIONS = (
					"DEBUG=1",
					"$(inherited)",
				);
				GCC_WARN_64_TO_32_BIT_CONVERSION = YES;
				GCC_WARN_ABOUT_RETURN_TYPE = YES_ERROR;
				GCC_WARN_UNDECLARED_SELECTOR = YES;
				GCC_WARN_UNINITIALIZED_AUTOS = YES_AGGRESSIVE;
				GCC_WARN_UNUSED_FUNCTION = YES;
				GCC_WARN_UNUSED_VARIABLE = YES;
				IPHONEOS_DEPLOYMENT_TARGET = 17.2;
				LOCALIZATION_PREFERS_STRING_CATALOGS = YES;
				MTL_ENABLE_DEBUG_INFO = INCLUDE_SOURCE;
				MTL_FAST_MATH = YES;
				ONLY_ACTIVE_ARCH = YES;
				SDKROOT = iphoneos;
				SWIFT_ACTIVE_COMPILATION_CONDITIONS = "DEBUG $(inherited)";
				SWIFT_OPTIMIZATION_LEVEL = "-Onone";
			};
			name = Debug;
		};
		E4221AC52C0AEC3F003D51D5 /* Release */ = {
			isa = XCBuildConfiguration;
			buildSettings = {
				ALWAYS_SEARCH_USER_PATHS = NO;
				ASSETCATALOG_COMPILER_GENERATE_SWIFT_ASSET_SYMBOL_EXTENSIONS = YES;
				CLANG_ANALYZER_NONNULL = YES;
				CLANG_ANALYZER_NUMBER_OBJECT_CONVERSION = YES_AGGRESSIVE;
				CLANG_CXX_LANGUAGE_STANDARD = "gnu++20";
				CLANG_ENABLE_MODULES = YES;
				CLANG_ENABLE_OBJC_ARC = YES;
				CLANG_ENABLE_OBJC_WEAK = YES;
				CLANG_WARN_BLOCK_CAPTURE_AUTORELEASING = YES;
				CLANG_WARN_BOOL_CONVERSION = YES;
				CLANG_WARN_COMMA = YES;
				CLANG_WARN_CONSTANT_CONVERSION = YES;
				CLANG_WARN_DEPRECATED_OBJC_IMPLEMENTATIONS = YES;
				CLANG_WARN_DIRECT_OBJC_ISA_USAGE = YES_ERROR;
				CLANG_WARN_DOCUMENTATION_COMMENTS = YES;
				CLANG_WARN_EMPTY_BODY = YES;
				CLANG_WARN_ENUM_CONVERSION = YES;
				CLANG_WARN_INFINITE_RECURSION = YES;
				CLANG_WARN_INT_CONVERSION = YES;
				CLANG_WARN_NON_LITERAL_NULL_CONVERSION = YES;
				CLANG_WARN_OBJC_IMPLICIT_RETAIN_SELF = YES;
				CLANG_WARN_OBJC_LITERAL_CONVERSION = YES;
				CLANG_WARN_OBJC_ROOT_CLASS = YES_ERROR;
				CLANG_WARN_QUOTED_INCLUDE_IN_FRAMEWORK_HEADER = YES;
				CLANG_WARN_RANGE_LOOP_ANALYSIS = YES;
				CLANG_WARN_STRICT_PROTOTYPES = YES;
				CLANG_WARN_SUSPICIOUS_MOVE = YES;
				CLANG_WARN_UNGUARDED_AVAILABILITY = YES_AGGRESSIVE;
				CLANG_WARN_UNREACHABLE_CODE = YES;
				CLANG_WARN__DUPLICATE_METHOD_MATCH = YES;
				COPY_PHASE_STRIP = NO;
				DEBUG_INFORMATION_FORMAT = "dwarf-with-dsym";
				ENABLE_NS_ASSERTIONS = NO;
				ENABLE_STRICT_OBJC_MSGSEND = YES;
				ENABLE_USER_SCRIPT_SANDBOXING = YES;
				GCC_C_LANGUAGE_STANDARD = gnu17;
				GCC_NO_COMMON_BLOCKS = YES;
				GCC_WARN_64_TO_32_BIT_CONVERSION = YES;
				GCC_WARN_ABOUT_RETURN_TYPE = YES_ERROR;
				GCC_WARN_UNDECLARED_SELECTOR = YES;
				GCC_WARN_UNINITIALIZED_AUTOS = YES_AGGRESSIVE;
				GCC_WARN_UNUSED_FUNCTION = YES;
				GCC_WARN_UNUSED_VARIABLE = YES;
				IPHONEOS_DEPLOYMENT_TARGET = 17.2;
				LOCALIZATION_PREFERS_STRING_CATALOGS = YES;
				MTL_ENABLE_DEBUG_INFO = NO;
				MTL_FAST_MATH = YES;
				SDKROOT = iphoneos;
				SWIFT_COMPILATION_MODE = wholemodule;
				VALIDATE_PRODUCT = YES;
			};
			name = Release;
		};
		E4221AC72C0AEC3F003D51D5 /* Debug */ = {
			isa = XCBuildConfiguration;
			buildSettings = {
				ASSETCATALOG_COMPILER_APPICON_NAME = AppIcon;
				ASSETCATALOG_COMPILER_GLOBAL_ACCENT_COLOR_NAME = AccentColor;
				CODE_SIGN_STYLE = Automatic;
				CURRENT_PROJECT_VERSION = 1;
				DEVELOPMENT_TEAM = 8CCWS44RKC;
				GENERATE_INFOPLIST_FILE = YES;
				INFOPLIST_FILE = StoryboardSegueTestApp/Info.plist;
				INFOPLIST_KEY_UIApplicationSupportsIndirectInputEvents = YES;
				INFOPLIST_KEY_UILaunchStoryboardName = LaunchScreen;
				INFOPLIST_KEY_UIMainStoryboardFile = Main;
				INFOPLIST_KEY_UISupportedInterfaceOrientations_iPad = "UIInterfaceOrientationPortrait UIInterfaceOrientationPortraitUpsideDown UIInterfaceOrientationLandscapeLeft UIInterfaceOrientationLandscapeRight";
				INFOPLIST_KEY_UISupportedInterfaceOrientations_iPhone = "UIInterfaceOrientationPortrait UIInterfaceOrientationLandscapeLeft UIInterfaceOrientationLandscapeRight";
				LD_RUNPATH_SEARCH_PATHS = (
					"$(inherited)",
					"@executable_path/Frameworks",
				);
				MARKETING_VERSION = 1.0;
				PRODUCT_BUNDLE_IDENTIFIER = com.practice.StoryboardSegueTestApp;
				PRODUCT_NAME = "$(TARGET_NAME)";
				SWIFT_EMIT_LOC_STRINGS = YES;
				SWIFT_VERSION = 5.0;
				TARGETED_DEVICE_FAMILY = "1,2";
			};
			name = Debug;
		};
		E4221AC82C0AEC3F003D51D5 /* Release */ = {
			isa = XCBuildConfiguration;
			buildSettings = {
				ASSETCATALOG_COMPILER_APPICON_NAME = AppIcon;
				ASSETCATALOG_COMPILER_GLOBAL_ACCENT_COLOR_NAME = AccentColor;
				CODE_SIGN_STYLE = Automatic;
				CURRENT_PROJECT_VERSION = 1;
				DEVELOPMENT_TEAM = 8CCWS44RKC;
				GENERATE_INFOPLIST_FILE = YES;
				INFOPLIST_FILE = StoryboardSegueTestApp/Info.plist;
				INFOPLIST_KEY_UIApplicationSupportsIndirectInputEvents = YES;
				INFOPLIST_KEY_UILaunchStoryboardName = LaunchScreen;
				INFOPLIST_KEY_UIMainStoryboardFile = Main;
				INFOPLIST_KEY_UISupportedInterfaceOrientations_iPad = "UIInterfaceOrientationPortrait UIInterfaceOrientationPortraitUpsideDown UIInterfaceOrientationLandscapeLeft UIInterfaceOrientationLandscapeRight";
				INFOPLIST_KEY_UISupportedInterfaceOrientations_iPhone = "UIInterfaceOrientationPortrait UIInterfaceOrientationLandscapeLeft UIInterfaceOrientationLandscapeRight";
				LD_RUNPATH_SEARCH_PATHS = (
					"$(inherited)",
					"@executable_path/Frameworks",
				);
				MARKETING_VERSION = 1.0;
				PRODUCT_BUNDLE_IDENTIFIER = com.practice.StoryboardSegueTestApp;
				PRODUCT_NAME = "$(TARGET_NAME)";
				SWIFT_EMIT_LOC_STRINGS = YES;
				SWIFT_VERSION = 5.0;
				TARGETED_DEVICE_FAMILY = "1,2";
			};
			name = Release;
		};
/* End XCBuildConfiguration section */

/* Begin XCConfigurationList section */
		E4221AAD2C0AEC3E003D51D5 /* Build configuration list for PBXProject "StoryboardSegueTestApp" */ = {
			isa = XCConfigurationList;
			buildConfigurations = (
				E4221AC42C0AEC3F003D51D5 /* Debug */,
				E4221AC52C0AEC3F003D51D5 /* Release */,
			);
			defaultConfigurationIsVisible = 0;
			defaultConfigurationName = Release;
		};
		E4221AC62C0AEC3F003D51D5 /* Build configuration list for PBXNativeTarget "StoryboardSegueTestApp" */ = {
			isa = XCConfigurationList;
			buildConfigurations = (
				E4221AC72C0AEC3F003D51D5 /* Debug */,
				E4221AC82C0AEC3F003D51D5 /* Release */,
			);
			defaultConfigurationIsVisible = 0;
			defaultConfigurationName = Release;
		};
/* End XCConfigurationList section */
	};
	rootObject = E4221AAA2C0AEC3E003D51D5 /* Project object */;
}
